
Microsoft Visual Studio Solution File, Format Version 12.00
Project("{FAE04EC0-301F-11D3-BF4B-00C04F79EFBC}") = "Perimity", "Perimity\Perimity.csproj", "{A82E10B2-3FAC-47E0-874B-BBD9EC827A9A}"
EndProject
Global
	GlobalSection(SolutionConfigurationPlatforms) = preSolution
		Debug|Any CPU = Debug|Any CPU
		Release|Any CPU = Release|Any CPU
	EndGlobalSection
	GlobalSection(ProjectConfigurationPlatforms) = postSolution
		{A82E10B2-3FAC-47E0-874B-BBD9EC827A9A}.Debug|Any CPU.ActiveCfg = Debug|Any CPU
		{A82E10B2-3FAC-47E0-874B-BBD9EC827A9A}.Debug|Any CPU.Build.0 = Debug|Any CPU
		{A82E10B2-3FAC-47E0-874B-BBD9EC827A9A}.Release|Any CPU.ActiveCfg = Release|Any CPU
		{A82E10B2-3FAC-47E0-874B-BBD9EC827A9A}.Release|Any CPU.Build.0 = Release|Any CPU
	EndGlobalSection
EndGlobal
